
Microsoft Visual Studio Solution File, Format Version 12.00
# Visual Studio Version 17
VisualStudioVersion = 17.7.34009.444
MinimumVisualStudioVersion = 10.0.40219.1
Project("{FAE04EC0-301F-11D3-BF4B-00C04F79EFBC}") = "spotifychartsAPI", "spotifychartsAPI\spotifychartsAPI.csproj", "{E09C2CC1-D892-4636-A2FD-51A64F115F62}"
EndProject
Global
	GlobalSection(SolutionConfigurationPlatforms) = preSolution
		Debug|Any CPU = Debug|Any CPU
		Release|Any CPU = Release|Any CPU
	EndGlobalSection
	GlobalSection(ProjectConfigurationPlatforms) = postSolution
		{E09C2CC1-D892-4636-A2FD-51A64F115F62}.Debug|Any CPU.ActiveCfg = Debug|Any CPU
		{E09C2CC1-D892-4636-A2FD-51A64F115F62}.Debug|Any CPU.Build.0 = Debug|Any CPU
		{E09C2CC1-D892-4636-A2FD-51A64F115F62}.Release|Any CPU.ActiveCfg = Release|Any CPU
		{E09C2CC1-D892-4636-A2FD-51A64F115F62}.Release|Any CPU.Build.0 = Release|Any CPU
	EndGlobalSection
	GlobalSection(SolutionProperties) = preSolution
		HideSolutionNode = FALSE
	EndGlobalSection
	GlobalSection(ExtensibilityGlobals) = postSolution
		SolutionGuid = {DE1C6A8D-B826-4CA2-8320-15DE2D55E32E}
	EndGlobalSection
EndGlobal
